// !$*UTF8*$!
{
	archiveVersion = 1;
	classes = {
	};
	objectVersion = 51;
	objects = {

/* Begin PBXBuildFile section */
		59B8A8E37F89D2E8DCDB2ACE /* Pods_VApp_ios.framework in Frameworks */ = {isa = PBXBuildFile; fileRef = 1820995A65EC57D26B21738D /* Pods_VApp_ios.framework */; };
		F435ED7E2697E75900C6675C /* AppDelegate.m in Sources */ = {isa = PBXBuildFile; fileRef = F435ED7D2697E75900C6675C /* AppDelegate.m */; };
		F435ED842697E75900C6675C /* ViewController.m in Sources */ = {isa = PBXBuildFile; fileRef = F435ED832697E75900C6675C /* ViewController.m */; };
		F435ED892697E75B00C6675C /* Assets.xcassets in Resources */ = {isa = PBXBuildFile; fileRef = F435ED882697E75B00C6675C /* Assets.xcassets */; };
		F435ED8C2697E75B00C6675C /* LaunchScreen.storyboard in Resources */ = {isa = PBXBuildFile; fileRef = F435ED8A2697E75B00C6675C /* LaunchScreen.storyboard */; };
		F435ED8F2697E75B00C6675C /* main.m in Sources */ = {isa = PBXBuildFile; fileRef = F435ED8E2697E75B00C6675C /* main.m */; };
		F459EAD626AA56AE00CDF6D7 /* CallTestViewController.m in Sources */ = {isa = PBXBuildFile; fileRef = F459EAD526AA56AE00CDF6D7 /* CallTestViewController.m */; };
		F459EADA26AA590200CDF6D7 /* AgoraMessage.m in Sources */ = {isa = PBXBuildFile; fileRef = F459EAD926AA590200CDF6D7 /* AgoraMessage.m */; };
		F459EADD26AA591C00CDF6D7 /* AgoraCall.m in Sources */ = {isa = PBXBuildFile; fileRef = F459EADC26AA591C00CDF6D7 /* AgoraCall.m */; };
		F4638A2F26B3DB080092A817 /* QHJSUtilApi.m in Sources */ = {isa = PBXBuildFile; fileRef = F4638A2E26B3DB080092A817 /* QHJSUtilApi.m */; };
		F46EA274275878700043317B /* ScanSuccessJumpVC.m in Sources */ = {isa = PBXBuildFile; fileRef = F46EA26F275878700043317B /* ScanSuccessJumpVC.m */; };
		F46EA275275878700043317B /* WBQRCodeVC.m in Sources */ = {isa = PBXBuildFile; fileRef = F46EA270275878700043317B /* WBQRCodeVC.m */; };
		F46EA276275878700043317B /* WCQRCodeVC.m in Sources */ = {isa = PBXBuildFile; fileRef = F46EA273275878700043317B /* WCQRCodeVC.m */; };
		F46EA2792758787F0043317B /* SGWebView.m in Sources */ = {isa = PBXBuildFile; fileRef = F46EA2782758787F0043317B /* SGWebView.m */; };
		F46EA27E275878910043317B /* MBProgressHUD.m in Sources */ = {isa = PBXBuildFile; fileRef = F46EA27A275878910043317B /* MBProgressHUD.m */; };
		F46EA27F275878910043317B /* MBProgressHUD+SGQRCode.m in Sources */ = {isa = PBXBuildFile; fileRef = F46EA27C275878910043317B /* MBProgressHUD+SGQRCode.m */; };
		F47C108726AFF24000CF23D2 /* WebViewJavascriptBridgeBase.m in Sources */ = {isa = PBXBuildFile; fileRef = F47C104E26AFF24000CF23D2 /* WebViewJavascriptBridgeBase.m */; };
		F47C108826AFF24000CF23D2 /* WKWebViewJavascriptBridge.m in Sources */ = {isa = PBXBuildFile; fileRef = F47C104F26AFF24000CF23D2 /* WKWebViewJavascriptBridge.m */; };
		F47C108926AFF24000CF23D2 /* QHJSDeviceApi.m in Sources */ = {isa = PBXBuildFile; fileRef = F47C105326AFF24000CF23D2 /* QHJSDeviceApi.m */; };
		F47C108A26AFF24000CF23D2 /* QHJSUIApi.m in Sources */ = {isa = PBXBuildFile; fileRef = F47C105626AFF24000CF23D2 /* QHJSUIApi.m */; };
		F47C108B26AFF24000CF23D2 /* QHJSRuntimeApi.m in Sources */ = {isa = PBXBuildFile; fileRef = F47C105926AFF24000CF23D2 /* QHJSRuntimeApi.m */; };
		F47C108C26AFF24000CF23D2 /* QHJSRegisterBaseClass.m in Sources */ = {isa = PBXBuildFile; fileRef = F47C105A26AFF24000CF23D2 /* QHJSRegisterBaseClass.m */; };
		F47C108D26AFF24000CF23D2 /* QHJSNavigatorApi.m in Sources */ = {isa = PBXBuildFile; fileRef = F47C105C26AFF24000CF23D2 /* QHJSNavigatorApi.m */; };
		F47C108E26AFF24000CF23D2 /* QHJSAuthApi.m in Sources */ = {isa = PBXBuildFile; fileRef = F47C105E26AFF24000CF23D2 /* QHJSAuthApi.m */; };
		F47C108F26AFF24000CF23D2 /* QHJSPageApi.m in Sources */ = {isa = PBXBuildFile; fileRef = F47C106026AFF24000CF23D2 /* QHJSPageApi.m */; };
		F47C109026AFF24000CF23D2 /* QHJSBaseWebLoader.m in Sources */ = {isa = PBXBuildFile; fileRef = F47C106226AFF24000CF23D2 /* QHJSBaseWebLoader.m */; };
		F47C109126AFF24000CF23D2 /* QHJSNavigationController.m in Sources */ = {isa = PBXBuildFile; fileRef = F47C106426AFF24000CF23D2 /* QHJSNavigationController.m */; };
		F47C109226AFF24000CF23D2 /* QHJSBaseViewController.m in Sources */ = {isa = PBXBuildFile; fileRef = F47C106726AFF24000CF23D2 /* QHJSBaseViewController.m */; };
		F47C109326AFF24000CF23D2 /* QuickHybridBundle.bundle in Resources */ = {isa = PBXBuildFile; fileRef = F47C106826AFF24000CF23D2 /* QuickHybridBundle.bundle */; };
		F47C109426AFF24000CF23D2 /* QHJSBaseModalViewController.m in Sources */ = {isa = PBXBuildFile; fileRef = F47C106A26AFF24000CF23D2 /* QHJSBaseModalViewController.m */; };
		F47C109526AFF24000CF23D2 /* QHJSNaviSegmentView.m in Sources */ = {isa = PBXBuildFile; fileRef = F47C106B26AFF24000CF23D2 /* QHJSNaviSegmentView.m */; };
		F47C109626AFF24000CF23D2 /* QHJSDatePickViewController.m in Sources */ = {isa = PBXBuildFile; fileRef = F47C106C26AFF24000CF23D2 /* QHJSDatePickViewController.m */; };
		F47C109726AFF24000CF23D2 /* QHJSToast.m in Sources */ = {isa = PBXBuildFile; fileRef = F47C106D26AFF24000CF23D2 /* QHJSToast.m */; };
		F47C109826AFF24000CF23D2 /* QHJSNaviTitleView.m in Sources */ = {isa = PBXBuildFile; fileRef = F47C107326AFF24000CF23D2 /* QHJSNaviTitleView.m */; };
		F47C109926AFF24000CF23D2 /* QHJSDeviceInfo.m in Sources */ = {isa = PBXBuildFile; fileRef = F47C107726AFF24000CF23D2 /* QHJSDeviceInfo.m */; };
		F47C109A26AFF24000CF23D2 /* TQLocationConverter.m in Sources */ = {isa = PBXBuildFile; fileRef = F47C107A26AFF24000CF23D2 /* TQLocationConverter.m */; };
		F47C109B26AFF24000CF23D2 /* Reachability.m in Sources */ = {isa = PBXBuildFile; fileRef = F47C107D26AFF24000CF23D2 /* Reachability.m */; };
		F47C109D26AFF24000CF23D2 /* UIImage+QHJSIamge.m in Sources */ = {isa = PBXBuildFile; fileRef = F47C108226AFF24000CF23D2 /* UIImage+QHJSIamge.m */; };
		F47C109E26AFF24000CF23D2 /* QHJSInfo.m in Sources */ = {isa = PBXBuildFile; fileRef = F47C108326AFF24000CF23D2 /* QHJSInfo.m */; };
		F47C109F26AFF24000CF23D2 /* QHJSLocationUtil.m in Sources */ = {isa = PBXBuildFile; fileRef = F47C108526AFF24000CF23D2 /* QHJSLocationUtil.m */; };
		F47C10A026AFF24000CF23D2 /* QHJSModules.plist in Resources */ = {isa = PBXBuildFile; fileRef = F47C108626AFF24000CF23D2 /* QHJSModules.plist */; };
		F48501E62754709B001F19E5 /* FileUtil.m in Sources */ = {isa = PBXBuildFile; fileRef = F48501E52754709B001F19E5 /* FileUtil.m */; };
/* End PBXBuildFile section */

/* Begin PBXFileReference section */
		1820995A65EC57D26B21738D /* Pods_VApp_ios.framework */ = {isa = PBXFileReference; explicitFileType = wrapper.framework; includeInIndex = 0; path = Pods_VApp_ios.framework; sourceTree = BUILT_PRODUCTS_DIR; };
		52E16A9C0B17945F2AA1F9C2 /* Pods-VApp-ios.debug.xcconfig */ = {isa = PBXFileReference; includeInIndex = 1; lastKnownFileType = text.xcconfig; name = "Pods-VApp-ios.debug.xcconfig"; path = "Target Support Files/Pods-VApp-ios/Pods-VApp-ios.debug.xcconfig"; sourceTree = "<group>"; };
		B7795D0A618935451A5F6623 /* Pods-VApp-ios.release.xcconfig */ = {isa = PBXFileReference; includeInIndex = 1; lastKnownFileType = text.xcconfig; name = "Pods-VApp-ios.release.xcconfig"; path = "Target Support Files/Pods-VApp-ios/Pods-VApp-ios.release.xcconfig"; sourceTree = "<group>"; };
		F435ED792697E75900C6675C /* VApp-ios.app */ = {isa = PBXFileReference; explicitFileType = wrapper.application; includeInIndex = 0; path = "VApp-ios.app"; sourceTree = BUILT_PRODUCTS_DIR; };
		F435ED7C2697E75900C6675C /* AppDelegate.h */ = {isa = PBXFileReference; lastKnownFileType = sourcecode.c.h; path = AppDelegate.h; sourceTree = "<group>"; };
		F435ED7D2697E75900C6675C /* AppDelegate.m */ = {isa = PBXFileReference; lastKnownFileType = sourcecode.c.objc; path = AppDelegate.m; sourceTree = "<group>"; };
		F435ED822697E75900C6675C /* ViewController.h */ = {isa = PBXFileReference; lastKnownFileType = sourcecode.c.h; path = ViewController.h; sourceTree = "<group>"; };
		F435ED832697E75900C6675C /* ViewController.m */ = {isa = PBXFileReference; lastKnownFileType = sourcecode.c.objc; path = ViewController.m; sourceTree = "<group>"; };
		F435ED882697E75B00C6675C /* Assets.xcassets */ = {isa = PBXFileReference; lastKnownFileType = folder.assetcatalog; path = Assets.xcassets; sourceTree = "<group>"; };
		F435ED8B2697E75B00C6675C /* Base */ = {isa = PBXFileReference; lastKnownFileType = file.storyboard; name = Base; path = Base.lproj/LaunchScreen.storyboard; sourceTree = "<group>"; };
		F435ED8D2697E75B00C6675C /* Info.plist */ = {isa = PBXFileReference; lastKnownFileType = text.plist.xml; path = Info.plist; sourceTree = "<group>"; };
		F435ED8E2697E75B00C6675C /* main.m */ = {isa = PBXFileReference; lastKnownFileType = sourcecode.c.objc; path = main.m; sourceTree = "<group>"; };
		F459EAD426AA56AE00CDF6D7 /* CallTestViewController.h */ = {isa = PBXFileReference; lastKnownFileType = sourcecode.c.h; path = CallTestViewController.h; sourceTree = "<group>"; };
		F459EAD526AA56AE00CDF6D7 /* CallTestViewController.m */ = {isa = PBXFileReference; lastKnownFileType = sourcecode.c.objc; path = CallTestViewController.m; sourceTree = "<group>"; };
		F459EAD826AA590200CDF6D7 /* AgoraMessage.h */ = {isa = PBXFileReference; lastKnownFileType = sourcecode.c.h; path = AgoraMessage.h; sourceTree = "<group>"; };
		F459EAD926AA590200CDF6D7 /* AgoraMessage.m */ = {isa = PBXFileReference; lastKnownFileType = sourcecode.c.objc; path = AgoraMessage.m; sourceTree = "<group>"; };
		F459EADB26AA591C00CDF6D7 /* AgoraCall.h */ = {isa = PBXFileReference; lastKnownFileType = sourcecode.c.h; path = AgoraCall.h; sourceTree = "<group>"; };
		F459EADC26AA591C00CDF6D7 /* AgoraCall.m */ = {isa = PBXFileReference; lastKnownFileType = sourcecode.c.objc; path = AgoraCall.m; sourceTree = "<group>"; };
		F4638A2D26B3DB080092A817 /* QHJSUtilApi.h */ = {isa = PBXFileReference; lastKnownFileType = sourcecode.c.h; path = QHJSUtilApi.h; sourceTree = "<group>"; };
		F4638A2E26B3DB080092A817 /* QHJSUtilApi.m */ = {isa = PBXFileReference; lastKnownFileType = sourcecode.c.objc; path = QHJSUtilApi.m; sourceTree = "<group>"; };
		F46EA26E275878700043317B /* WBQRCodeVC.h */ = {isa = PBXFileReference; fileEncoding = 4; lastKnownFileType = sourcecode.c.h; path = WBQRCodeVC.h; sourceTree = "<group>"; };
		F46EA26F275878700043317B /* ScanSuccessJumpVC.m */ = {isa = PBXFileReference; fileEncoding = 4; lastKnownFileType = sourcecode.c.objc; path = ScanSuccessJumpVC.m; sourceTree = "<group>"; };
		F46EA270275878700043317B /* WBQRCodeVC.m */ = {isa = PBXFileReference; fileEncoding = 4; lastKnownFileType = sourcecode.c.objc; path = WBQRCodeVC.m; sourceTree = "<group>"; };
		F46EA271275878700043317B /* ScanSuccessJumpVC.h */ = {isa = PBXFileReference; fileEncoding = 4; lastKnownFileType = sourcecode.c.h; path = ScanSuccessJumpVC.h; sourceTree = "<group>"; };
		F46EA272275878700043317B /* WCQRCodeVC.h */ = {isa = PBXFileReference; fileEncoding = 4; lastKnownFileType = sourcecode.c.h; path = WCQRCodeVC.h; sourceTree = "<group>"; };
		F46EA273275878700043317B /* WCQRCodeVC.m */ = {isa = PBXFileReference; fileEncoding = 4; lastKnownFileType = sourcecode.c.objc; path = WCQRCodeVC.m; sourceTree = "<group>"; };
		F46EA2772758787F0043317B /* SGWebView.h */ = {isa = PBXFileReference; fileEncoding = 4; lastKnownFileType = sourcecode.c.h; path = SGWebView.h; sourceTree = "<group>"; };
		F46EA2782758787F0043317B /* SGWebView.m */ = {isa = PBXFileReference; fileEncoding = 4; lastKnownFileType = sourcecode.c.objc; path = SGWebView.m; sourceTree = "<group>"; };
		F46EA27A275878910043317B /* MBProgressHUD.m */ = {isa = PBXFileReference; fileEncoding = 4; lastKnownFileType = sourcecode.c.objc; path = MBProgressHUD.m; sourceTree = "<group>"; };
		F46EA27B275878910043317B /* MBProgressHUD+SGQRCode.h */ = {isa = PBXFileReference; fileEncoding = 4; lastKnownFileType = sourcecode.c.h; path = "MBProgressHUD+SGQRCode.h"; sourceTree = "<group>"; };
		F46EA27C275878910043317B /* MBProgressHUD+SGQRCode.m */ = {isa = PBXFileReference; fileEncoding = 4; lastKnownFileType = sourcecode.c.objc; path = "MBProgressHUD+SGQRCode.m"; sourceTree = "<group>"; };
		F46EA27D275878910043317B /* MBProgressHUD.h */ = {isa = PBXFileReference; fileEncoding = 4; lastKnownFileType = sourcecode.c.h; path = MBProgressHUD.h; sourceTree = "<group>"; };
		F47C104E26AFF24000CF23D2 /* WebViewJavascriptBridgeBase.m */ = {isa = PBXFileReference; fileEncoding = 4; lastKnownFileType = sourcecode.c.objc; path = WebViewJavascriptBridgeBase.m; sourceTree = "<group>"; };
		F47C104F26AFF24000CF23D2 /* WKWebViewJavascriptBridge.m */ = {isa = PBXFileReference; fileEncoding = 4; lastKnownFileType = sourcecode.c.objc; path = WKWebViewJavascriptBridge.m; sourceTree = "<group>"; };
		F47C105026AFF24000CF23D2 /* WebViewJavascriptBridgeBase.h */ = {isa = PBXFileReference; fileEncoding = 4; lastKnownFileType = sourcecode.c.h; path = WebViewJavascriptBridgeBase.h; sourceTree = "<group>"; };
		F47C105126AFF24000CF23D2 /* WKWebViewJavascriptBridge.h */ = {isa = PBXFileReference; fileEncoding = 4; lastKnownFileType = sourcecode.c.h; path = WKWebViewJavascriptBridge.h; sourceTree = "<group>"; };
		F47C105326AFF24000CF23D2 /* QHJSDeviceApi.m */ = {isa = PBXFileReference; fileEncoding = 4; lastKnownFileType = sourcecode.c.objc; path = QHJSDeviceApi.m; sourceTree = "<group>"; };
		F47C105426AFF24000CF23D2 /* QHJSRegisterBaseClass.h */ = {isa = PBXFileReference; fileEncoding = 4; lastKnownFileType = sourcecode.c.h; path = QHJSRegisterBaseClass.h; sourceTree = "<group>"; };
		F47C105526AFF24000CF23D2 /* QHJSAuthApi.h */ = {isa = PBXFileReference; fileEncoding = 4; lastKnownFileType = sourcecode.c.h; path = QHJSAuthApi.h; sourceTree = "<group>"; };
		F47C105626AFF24000CF23D2 /* QHJSUIApi.m */ = {isa = PBXFileReference; fileEncoding = 4; lastKnownFileType = sourcecode.c.objc; path = QHJSUIApi.m; sourceTree = "<group>"; };
		F47C105726AFF24000CF23D2 /* QHJSNavigatorApi.h */ = {isa = PBXFileReference; fileEncoding = 4; lastKnownFileType = sourcecode.c.h; path = QHJSNavigatorApi.h; sourceTree = "<group>"; };
		F47C105826AFF24000CF23D2 /* QHJSPageApi.h */ = {isa = PBXFileReference; fileEncoding = 4; lastKnownFileType = sourcecode.c.h; path = QHJSPageApi.h; sourceTree = "<group>"; };
		F47C105926AFF24000CF23D2 /* QHJSRuntimeApi.m */ = {isa = PBXFileReference; fileEncoding = 4; lastKnownFileType = sourcecode.c.objc; path = QHJSRuntimeApi.m; sourceTree = "<group>"; };
		F47C105A26AFF24000CF23D2 /* QHJSRegisterBaseClass.m */ = {isa = PBXFileReference; fileEncoding = 4; lastKnownFileType = sourcecode.c.objc; path = QHJSRegisterBaseClass.m; sourceTree = "<group>"; };
		F47C105B26AFF24000CF23D2 /* QHJSDeviceApi.h */ = {isa = PBXFileReference; fileEncoding = 4; lastKnownFileType = sourcecode.c.h; path = QHJSDeviceApi.h; sourceTree = "<group>"; };
		F47C105C26AFF24000CF23D2 /* QHJSNavigatorApi.m */ = {isa = PBXFileReference; fileEncoding = 4; lastKnownFileType = sourcecode.c.objc; path = QHJSNavigatorApi.m; sourceTree = "<group>"; };
		F47C105D26AFF24000CF23D2 /* QHJSUIApi.h */ = {isa = PBXFileReference; fileEncoding = 4; lastKnownFileType = sourcecode.c.h; path = QHJSUIApi.h; sourceTree = "<group>"; };
		F47C105E26AFF24000CF23D2 /* QHJSAuthApi.m */ = {isa = PBXFileReference; fileEncoding = 4; lastKnownFileType = sourcecode.c.objc; path = QHJSAuthApi.m; sourceTree = "<group>"; };
		F47C105F26AFF24000CF23D2 /* QHJSRuntimeApi.h */ = {isa = PBXFileReference; fileEncoding = 4; lastKnownFileType = sourcecode.c.h; path = QHJSRuntimeApi.h; sourceTree = "<group>"; };
		F47C106026AFF24000CF23D2 /* QHJSPageApi.m */ = {isa = PBXFileReference; fileEncoding = 4; lastKnownFileType = sourcecode.c.objc; path = QHJSPageApi.m; sourceTree = "<group>"; };
		F47C106226AFF24000CF23D2 /* QHJSBaseWebLoader.m */ = {isa = PBXFileReference; fileEncoding = 4; lastKnownFileType = sourcecode.c.objc; path = QHJSBaseWebLoader.m; sourceTree = "<group>"; };
		F47C106326AFF24000CF23D2 /* QHJSBaseViewController.h */ = {isa = PBXFileReference; fileEncoding = 4; lastKnownFileType = sourcecode.c.h; path = QHJSBaseViewController.h; sourceTree = "<group>"; };
		F47C106426AFF24000CF23D2 /* QHJSNavigationController.m */ = {isa = PBXFileReference; fileEncoding = 4; lastKnownFileType = sourcecode.c.objc; path = QHJSNavigationController.m; sourceTree = "<group>"; };
		F47C106526AFF24000CF23D2 /* QHJSBaseWebLoader.h */ = {isa = PBXFileReference; fileEncoding = 4; lastKnownFileType = sourcecode.c.h; path = QHJSBaseWebLoader.h; sourceTree = "<group>"; };
		F47C106626AFF24000CF23D2 /* QHJSNavigationController.h */ = {isa = PBXFileReference; fileEncoding = 4; lastKnownFileType = sourcecode.c.h; path = QHJSNavigationController.h; sourceTree = "<group>"; };
		F47C106726AFF24000CF23D2 /* QHJSBaseViewController.m */ = {isa = PBXFileReference; fileEncoding = 4; lastKnownFileType = sourcecode.c.objc; path = QHJSBaseViewController.m; sourceTree = "<group>"; };
		F47C106826AFF24000CF23D2 /* QuickHybridBundle.bundle */ = {isa = PBXFileReference; lastKnownFileType = "wrapper.plug-in"; path = QuickHybridBundle.bundle; sourceTree = "<group>"; };
		F47C106A26AFF24000CF23D2 /* QHJSBaseModalViewController.m */ = {isa = PBXFileReference; fileEncoding = 4; lastKnownFileType = sourcecode.c.objc; path = QHJSBaseModalViewController.m; sourceTree = "<group>"; };
		F47C106B26AFF24000CF23D2 /* QHJSNaviSegmentView.m */ = {isa = PBXFileReference; fileEncoding = 4; lastKnownFileType = sourcecode.c.objc; path = QHJSNaviSegmentView.m; sourceTree = "<group>"; };
		F47C106C26AFF24000CF23D2 /* QHJSDatePickViewController.m */ = {isa = PBXFileReference; fileEncoding = 4; lastKnownFileType = sourcecode.c.objc; path = QHJSDatePickViewController.m; sourceTree = "<group>"; };
		F47C106D26AFF24000CF23D2 /* QHJSToast.m */ = {isa = PBXFileReference; fileEncoding = 4; lastKnownFileType = sourcecode.c.objc; path = QHJSToast.m; sourceTree = "<group>"; };
		F47C106E26AFF24000CF23D2 /* QHJSNaviTitleView.h */ = {isa = PBXFileReference; fileEncoding = 4; lastKnownFileType = sourcecode.c.h; path = QHJSNaviTitleView.h; sourceTree = "<group>"; };
		F47C106F26AFF24000CF23D2 /* QHJSBaseModalViewController.h */ = {isa = PBXFileReference; fileEncoding = 4; lastKnownFileType = sourcecode.c.h; path = QHJSBaseModalViewController.h; sourceTree = "<group>"; };
		F47C107026AFF24000CF23D2 /* QHJSDatePickViewController.h */ = {isa = PBXFileReference; fileEncoding = 4; lastKnownFileType = sourcecode.c.h; path = QHJSDatePickViewController.h; sourceTree = "<group>"; };
		F47C107126AFF24000CF23D2 /* QHJSNaviSegmentView.h */ = {isa = PBXFileReference; fileEncoding = 4; lastKnownFileType = sourcecode.c.h; path = QHJSNaviSegmentView.h; sourceTree = "<group>"; };
		F47C107226AFF24000CF23D2 /* QHJSToast.h */ = {isa = PBXFileReference; fileEncoding = 4; lastKnownFileType = sourcecode.c.h; path = QHJSToast.h; sourceTree = "<group>"; };
		F47C107326AFF24000CF23D2 /* QHJSNaviTitleView.m */ = {isa = PBXFileReference; fileEncoding = 4; lastKnownFileType = sourcecode.c.objc; path = QHJSNaviTitleView.m; sourceTree = "<group>"; };
		F47C107526AFF24000CF23D2 /* UIImage+QHJSIamge.h */ = {isa = PBXFileReference; fileEncoding = 4; lastKnownFileType = sourcecode.c.h; path = "UIImage+QHJSIamge.h"; sourceTree = "<group>"; };
		F47C107626AFF24000CF23D2 /* QHJSLocationUtil.h */ = {isa = PBXFileReference; fileEncoding = 4; lastKnownFileType = sourcecode.c.h; path = QHJSLocationUtil.h; sourceTree = "<group>"; };
		F47C107726AFF24000CF23D2 /* QHJSDeviceInfo.m */ = {isa = PBXFileReference; fileEncoding = 4; lastKnownFileType = sourcecode.c.objc; path = QHJSDeviceInfo.m; sourceTree = "<group>"; };
		F47C107826AFF24000CF23D2 /* QHJSInfo.h */ = {isa = PBXFileReference; fileEncoding = 4; lastKnownFileType = sourcecode.c.h; path = QHJSInfo.h; sourceTree = "<group>"; };
		F47C107A26AFF24000CF23D2 /* TQLocationConverter.m */ = {isa = PBXFileReference; fileEncoding = 4; lastKnownFileType = sourcecode.c.objc; path = TQLocationConverter.m; sourceTree = "<group>"; };
		F47C107B26AFF24000CF23D2 /* TQLocationConverter.h */ = {isa = PBXFileReference; fileEncoding = 4; lastKnownFileType = sourcecode.c.h; path = TQLocationConverter.h; sourceTree = "<group>"; };
		F47C107D26AFF24000CF23D2 /* Reachability.m */ = {isa = PBXFileReference; fileEncoding = 4; lastKnownFileType = sourcecode.c.objc; path = Reachability.m; sourceTree = "<group>"; };
		F47C107E26AFF24000CF23D2 /* Reachability.h */ = {isa = PBXFileReference; fileEncoding = 4; lastKnownFileType = sourcecode.c.h; path = Reachability.h; sourceTree = "<group>"; };
		F47C108226AFF24000CF23D2 /* UIImage+QHJSIamge.m */ = {isa = PBXFileReference; fileEncoding = 4; lastKnownFileType = sourcecode.c.objc; path = "UIImage+QHJSIamge.m"; sourceTree = "<group>"; };
		F47C108326AFF24000CF23D2 /* QHJSInfo.m */ = {isa = PBXFileReference; fileEncoding = 4; lastKnownFileType = sourcecode.c.objc; path = QHJSInfo.m; sourceTree = "<group>"; };
		F47C108426AFF24000CF23D2 /* QHJSDeviceInfo.h */ = {isa = PBXFileReference; fileEncoding = 4; lastKnownFileType = sourcecode.c.h; path = QHJSDeviceInfo.h; sourceTree = "<group>"; };
		F47C108526AFF24000CF23D2 /* QHJSLocationUtil.m */ = {isa = PBXFileReference; fileEncoding = 4; lastKnownFileType = sourcecode.c.objc; path = QHJSLocationUtil.m; sourceTree = "<group>"; };
		F47C108626AFF24000CF23D2 /* QHJSModules.plist */ = {isa = PBXFileReference; fileEncoding = 4; lastKnownFileType = text.plist.xml; path = QHJSModules.plist; sourceTree = "<group>"; };
		F48501E42754709B001F19E5 /* FileUtil.h */ = {isa = PBXFileReference; lastKnownFileType = sourcecode.c.h; path = FileUtil.h; sourceTree = "<group>"; };
		F48501E52754709B001F19E5 /* FileUtil.m */ = {isa = PBXFileReference; lastKnownFileType = sourcecode.c.objc; path = FileUtil.m; sourceTree = "<group>"; };
		F48A0AB1275CB329001E434A /* VApp-ios.entitlements */ = {isa = PBXFileReference; lastKnownFileType = text.plist.entitlements; path = "VApp-ios.entitlements"; sourceTree = "<group>"; };
/* End PBXFileReference section */

/* Begin PBXFrameworksBuildPhase section */
		F435ED762697E75900C6675C /* Frameworks */ = {
			isa = PBXFrameworksBuildPhase;
			buildActionMask = 2147483647;
			files = (
				59B8A8E37F89D2E8DCDB2ACE /* Pods_VApp_ios.framework in Frameworks */,
			);
			runOnlyForDeploymentPostprocessing = 0;
		};
/* End PBXFrameworksBuildPhase section */

/* Begin PBXGroup section */
		28D51642BA6523D23EEAA805 /* Pods */ = {
			isa = PBXGroup;
			children = (
				52E16A9C0B17945F2AA1F9C2 /* Pods-VApp-ios.debug.xcconfig */,
				B7795D0A618935451A5F6623 /* Pods-VApp-ios.release.xcconfig */,
			);
			path = Pods;
			sourceTree = "<group>";
		};
		3F2A821A8820072D23532376 /* Frameworks */ = {
			isa = PBXGroup;
			children = (
				1820995A65EC57D26B21738D /* Pods_VApp_ios.framework */,
			);
			name = Frameworks;
			sourceTree = "<group>";
		};
		F435ED702697E75900C6675C = {
			isa = PBXGroup;
			children = (
				F435ED7B2697E75900C6675C /* VApp-ios */,
				F435ED7A2697E75900C6675C /* Products */,
				28D51642BA6523D23EEAA805 /* Pods */,
				3F2A821A8820072D23532376 /* Frameworks */,
			);
			sourceTree = "<group>";
		};
		F435ED7A2697E75900C6675C /* Products */ = {
			isa = PBXGroup;
			children = (
				F435ED792697E75900C6675C /* VApp-ios.app */,
			);
			name = Products;
			sourceTree = "<group>";
		};
		F435ED7B2697E75900C6675C /* VApp-ios */ = {
			isa = PBXGroup;
			children = (
				F48A0AB1275CB329001E434A /* VApp-ios.entitlements */,
				F46EA26D275871A50043317B /* images */,
				F4F5612C2707285E00253DF7 /* ThirdParty */,
				F4F561282707175800253DF7 /* View */,
				F4F561212707167F00253DF7 /* QCScan */,
				F47C104C26AFF24000CF23D2 /* QuickHybird */,
				F459EAD726AA58D000CDF6D7 /* AgoraModule */,
				F435ED7C2697E75900C6675C /* AppDelegate.h */,
				F435ED7D2697E75900C6675C /* AppDelegate.m */,
				F435ED822697E75900C6675C /* ViewController.h */,
				F435ED832697E75900C6675C /* ViewController.m */,
				F435ED882697E75B00C6675C /* Assets.xcassets */,
				F435ED8A2697E75B00C6675C /* LaunchScreen.storyboard */,
				F435ED8D2697E75B00C6675C /* Info.plist */,
				F435ED8E2697E75B00C6675C /* main.m */,
				F459EAD426AA56AE00CDF6D7 /* CallTestViewController.h */,
				F459EAD526AA56AE00CDF6D7 /* CallTestViewController.m */,
			);
			path = "VApp-ios";
			sourceTree = "<group>";
		};
		F459EAD726AA58D000CDF6D7 /* AgoraModule */ = {
			isa = PBXGroup;
			children = (
				F459EAD826AA590200CDF6D7 /* AgoraMessage.h */,
				F459EAD926AA590200CDF6D7 /* AgoraMessage.m */,
				F459EADB26AA591C00CDF6D7 /* AgoraCall.h */,
				F459EADC26AA591C00CDF6D7 /* AgoraCall.m */,
			);
			path = AgoraModule;
			sourceTree = "<group>";
		};
		F46EA26D275871A50043317B /* images */ = {
			isa = PBXGroup;
			children = (
			);
			path = images;
			sourceTree = "<group>";
		};
		F47C104C26AFF24000CF23D2 /* QuickHybird */ = {
			isa = PBXGroup;
			children = (
				F47C104D26AFF24000CF23D2 /* WebViewJavascriptBridge */,
				F47C105226AFF24000CF23D2 /* QHJSFrameAPI */,
				F47C106126AFF24000CF23D2 /* QuickHybridCore */,
				F47C106826AFF24000CF23D2 /* QuickHybridBundle.bundle */,
				F47C106926AFF24000CF23D2 /* QuickHybridComponents */,
				F47C107426AFF24000CF23D2 /* QuickHybridUtils */,
				F47C108626AFF24000CF23D2 /* QHJSModules.plist */,
			);
			path = QuickHybird;
			sourceTree = "<group>";
		};
		F47C104D26AFF24000CF23D2 /* WebViewJavascriptBridge */ = {
			isa = PBXGroup;
			children = (
				F47C104E26AFF24000CF23D2 /* WebViewJavascriptBridgeBase.m */,
				F47C104F26AFF24000CF23D2 /* WKWebViewJavascriptBridge.m */,
				F47C105026AFF24000CF23D2 /* WebViewJavascriptBridgeBase.h */,
				F47C105126AFF24000CF23D2 /* WKWebViewJavascriptBridge.h */,
			);
			path = WebViewJavascriptBridge;
			sourceTree = "<group>";
		};
		F47C105226AFF24000CF23D2 /* QHJSFrameAPI */ = {
			isa = PBXGroup;
			children = (
				F47C105326AFF24000CF23D2 /* QHJSDeviceApi.m */,
				F47C105426AFF24000CF23D2 /* QHJSRegisterBaseClass.h */,
				F47C105526AFF24000CF23D2 /* QHJSAuthApi.h */,
				F47C105626AFF24000CF23D2 /* QHJSUIApi.m */,
				F47C105726AFF24000CF23D2 /* QHJSNavigatorApi.h */,
				F47C105826AFF24000CF23D2 /* QHJSPageApi.h */,
				F47C105926AFF24000CF23D2 /* QHJSRuntimeApi.m */,
				F47C105A26AFF24000CF23D2 /* QHJSRegisterBaseClass.m */,
				F47C105B26AFF24000CF23D2 /* QHJSDeviceApi.h */,
				F47C105C26AFF24000CF23D2 /* QHJSNavigatorApi.m */,
				F47C105D26AFF24000CF23D2 /* QHJSUIApi.h */,
				F47C105E26AFF24000CF23D2 /* QHJSAuthApi.m */,
				F47C105F26AFF24000CF23D2 /* QHJSRuntimeApi.h */,
				F47C106026AFF24000CF23D2 /* QHJSPageApi.m */,
				F4638A2D26B3DB080092A817 /* QHJSUtilApi.h */,
				F4638A2E26B3DB080092A817 /* QHJSUtilApi.m */,
				F48501E42754709B001F19E5 /* FileUtil.h */,
				F48501E52754709B001F19E5 /* FileUtil.m */,
			);
			path = QHJSFrameAPI;
			sourceTree = "<group>";
		};
		F47C106126AFF24000CF23D2 /* QuickHybridCore */ = {
			isa = PBXGroup;
			children = (
				F47C106226AFF24000CF23D2 /* QHJSBaseWebLoader.m */,
				F47C106326AFF24000CF23D2 /* QHJSBaseViewController.h */,
				F47C106426AFF24000CF23D2 /* QHJSNavigationController.m */,
				F47C106526AFF24000CF23D2 /* QHJSBaseWebLoader.h */,
				F47C106626AFF24000CF23D2 /* QHJSNavigationController.h */,
				F47C106726AFF24000CF23D2 /* QHJSBaseViewController.m */,
			);
			path = QuickHybridCore;
			sourceTree = "<group>";
		};
		F47C106926AFF24000CF23D2 /* QuickHybridComponents */ = {
			isa = PBXGroup;
			children = (
				F47C106A26AFF24000CF23D2 /* QHJSBaseModalViewController.m */,
				F47C106B26AFF24000CF23D2 /* QHJSNaviSegmentView.m */,
				F47C106C26AFF24000CF23D2 /* QHJSDatePickViewController.m */,
				F47C106D26AFF24000CF23D2 /* QHJSToast.m */,
				F47C106E26AFF24000CF23D2 /* QHJSNaviTitleView.h */,
				F47C106F26AFF24000CF23D2 /* QHJSBaseModalViewController.h */,
				F47C107026AFF24000CF23D2 /* QHJSDatePickViewController.h */,
				F47C107126AFF24000CF23D2 /* QHJSNaviSegmentView.h */,
				F47C107226AFF24000CF23D2 /* QHJSToast.h */,
				F47C107326AFF24000CF23D2 /* QHJSNaviTitleView.m */,
			);
			path = QuickHybridComponents;
			sourceTree = "<group>";
		};
		F47C107426AFF24000CF23D2 /* QuickHybridUtils */ = {
			isa = PBXGroup;
			children = (
				F47C107526AFF24000CF23D2 /* UIImage+QHJSIamge.h */,
				F47C107626AFF24000CF23D2 /* QHJSLocationUtil.h */,
				F47C107726AFF24000CF23D2 /* QHJSDeviceInfo.m */,
				F47C107826AFF24000CF23D2 /* QHJSInfo.h */,
				F47C107926AFF24000CF23D2 /* PublicTool */,
				F47C108226AFF24000CF23D2 /* UIImage+QHJSIamge.m */,
				F47C108326AFF24000CF23D2 /* QHJSInfo.m */,
				F47C108426AFF24000CF23D2 /* QHJSDeviceInfo.h */,
				F47C108526AFF24000CF23D2 /* QHJSLocationUtil.m */,
			);
			path = QuickHybridUtils;
			sourceTree = "<group>";
		};
		F47C107926AFF24000CF23D2 /* PublicTool */ = {
			isa = PBXGroup;
			children = (
				F47C107A26AFF24000CF23D2 /* TQLocationConverter.m */,
				F47C107B26AFF24000CF23D2 /* TQLocationConverter.h */,
				F47C107C26AFF24000CF23D2 /* Reachability */,
			);
			path = PublicTool;
			sourceTree = "<group>";
		};
		F47C107C26AFF24000CF23D2 /* Reachability */ = {
			isa = PBXGroup;
			children = (
				F47C107D26AFF24000CF23D2 /* Reachability.m */,
				F47C107E26AFF24000CF23D2 /* Reachability.h */,
			);
			path = Reachability;
			sourceTree = "<group>";
		};
		F4F561212707167F00253DF7 /* QCScan */ = {
			isa = PBXGroup;
			children = (
				F46EA271275878700043317B /* ScanSuccessJumpVC.h */,
				F46EA26F275878700043317B /* ScanSuccessJumpVC.m */,
				F46EA26E275878700043317B /* WBQRCodeVC.h */,
				F46EA270275878700043317B /* WBQRCodeVC.m */,
				F46EA272275878700043317B /* WCQRCodeVC.h */,
				F46EA273275878700043317B /* WCQRCodeVC.m */,
			);
			path = QCScan;
			sourceTree = "<group>";
		};
		F4F561282707175800253DF7 /* View */ = {
			isa = PBXGroup;
			children = (
				F46EA2772758787F0043317B /* SGWebView.h */,
				F46EA2782758787F0043317B /* SGWebView.m */,
			);
			path = View;
			sourceTree = "<group>";
		};
		F4F5612C2707285E00253DF7 /* ThirdParty */ = {
			isa = PBXGroup;
			children = (
				F4F5612D2707286900253DF7 /* MBProgressHUD */,
			);
			path = ThirdParty;
			sourceTree = "<group>";
		};
		F4F5612D2707286900253DF7 /* MBProgressHUD */ = {
			isa = PBXGroup;
			children = (
				F46EA27D275878910043317B /* MBProgressHUD.h */,
				F46EA27A275878910043317B /* MBProgressHUD.m */,
				F46EA27B275878910043317B /* MBProgressHUD+SGQRCode.h */,
				F46EA27C275878910043317B /* MBProgressHUD+SGQRCode.m */,
			);
			path = MBProgressHUD;
			sourceTree = "<group>";
		};
/* End PBXGroup section */

/* Begin PBXNativeTarget section */
		F435ED782697E75900C6675C /* VApp-ios */ = {
			isa = PBXNativeTarget;
			buildConfigurationList = F435ED922697E75B00C6675C /* Build configuration list for PBXNativeTarget "VApp-ios" */;
			buildPhases = (
				56EC6F79FF41696F76DD0ACF /* [CP] Check Pods Manifest.lock */,
				F435ED752697E75900C6675C /* Sources */,
				F435ED762697E75900C6675C /* Frameworks */,
				F435ED772697E75900C6675C /* Resources */,
				813679F9B1E343106EE139CA /* [CP] Embed Pods Frameworks */,
			);
			buildRules = (
			);
			dependencies = (
			);
			name = "VApp-ios";
			productName = "VApp-ios";
			productReference = F435ED792697E75900C6675C /* VApp-ios.app */;
			productType = "com.apple.product-type.application";
		};
/* End PBXNativeTarget section */

/* Begin PBXProject section */
		F435ED712697E75900C6675C /* Project object */ = {
			isa = PBXProject;
			attributes = {
				LastUpgradeCheck = 1250;
				TargetAttributes = {
					F435ED782697E75900C6675C = {
						CreatedOnToolsVersion = 12.5;
					};
				};
			};
			buildConfigurationList = F435ED742697E75900C6675C /* Build configuration list for PBXProject "VApp-ios" */;
			compatibilityVersion = "Xcode 9.3";
			developmentRegion = en;
			hasScannedForEncodings = 0;
			knownRegions = (
				en,
				Base,
			);
			mainGroup = F435ED702697E75900C6675C;
			productRefGroup = F435ED7A2697E75900C6675C /* Products */;
			projectDirPath = "";
			projectRoot = "";
			targets = (
				F435ED782697E75900C6675C /* VApp-ios */,
			);
		};
/* End PBXProject section */

/* Begin PBXResourcesBuildPhase section */
		F435ED772697E75900C6675C /* Resources */ = {
			isa = PBXResourcesBuildPhase;
			buildActionMask = 2147483647;
			files = (
				F47C109326AFF24000CF23D2 /* QuickHybridBundle.bundle in Resources */,
				F435ED8C2697E75B00C6675C /* LaunchScreen.storyboard in Resources */,
				F47C10A026AFF24000CF23D2 /* QHJSModules.plist in Resources */,
				F435ED892697E75B00C6675C /* Assets.xcassets in Resources */,
			);
			runOnlyForDeploymentPostprocessing = 0;
		};
/* End PBXResourcesBuildPhase section */

/* Begin PBXShellScriptBuildPhase section */
		56EC6F79FF41696F76DD0ACF /* [CP] Check Pods Manifest.lock */ = {
			isa = PBXShellScriptBuildPhase;
			buildActionMask = 2147483647;
			files = (
			);
			inputFileListPaths = (
			);
			inputPaths = (
				"${PODS_PODFILE_DIR_PATH}/Podfile.lock",
				"${PODS_ROOT}/Manifest.lock",
			);
			name = "[CP] Check Pods Manifest.lock";
			outputFileListPaths = (
			);
			outputPaths = (
				"$(DERIVED_FILE_DIR)/Pods-VApp-ios-checkManifestLockResult.txt",
			);
			runOnlyForDeploymentPostprocessing = 0;
			shellPath = /bin/sh;
			shellScript = "diff \"${PODS_PODFILE_DIR_PATH}/Podfile.lock\" \"${PODS_ROOT}/Manifest.lock\" > /dev/null\nif [ $? != 0 ] ; then\n    # print error to STDERR\n    echo \"error: The sandbox is not in sync with the Podfile.lock. Run 'pod install' or update your CocoaPods installation.\" >&2\n    exit 1\nfi\n# This output is used by Xcode 'outputs' to avoid re-running this script phase.\necho \"SUCCESS\" > \"${SCRIPT_OUTPUT_FILE_0}\"\n";
			showEnvVarsInLog = 0;
		};
		813679F9B1E343106EE139CA /* [CP] Embed Pods Frameworks */ = {
			isa = PBXShellScriptBuildPhase;
			buildActionMask = 2147483647;
			files = (
			);
			inputFileListPaths = (
				"${PODS_ROOT}/Target Support Files/Pods-VApp-ios/Pods-VApp-ios-frameworks-${CONFIGURATION}-input-files.xcfilelist",
			);
			name = "[CP] Embed Pods Frameworks";
			outputFileListPaths = (
				"${PODS_ROOT}/Target Support Files/Pods-VApp-ios/Pods-VApp-ios-frameworks-${CONFIGURATION}-output-files.xcfilelist",
			);
			runOnlyForDeploymentPostprocessing = 0;
			shellPath = /bin/sh;
			shellScript = "\"${PODS_ROOT}/Target Support Files/Pods-VApp-ios/Pods-VApp-ios-frameworks.sh\"\n";
			showEnvVarsInLog = 0;
		};
/* End PBXShellScriptBuildPhase section */

/* Begin PBXSourcesBuildPhase section */
		F435ED752697E75900C6675C /* Sources */ = {
			isa = PBXSourcesBuildPhase;
			buildActionMask = 2147483647;
			files = (
				F47C108726AFF24000CF23D2 /* WebViewJavascriptBridgeBase.m in Sources */,
				F47C109726AFF24000CF23D2 /* QHJSToast.m in Sources */,
				F47C109526AFF24000CF23D2 /* QHJSNaviSegmentView.m in Sources */,
				F47C109126AFF24000CF23D2 /* QHJSNavigationController.m in Sources */,
				F47C108C26AFF24000CF23D2 /* QHJSRegisterBaseClass.m in Sources */,
				F47C109E26AFF24000CF23D2 /* QHJSInfo.m in Sources */,
				F47C109226AFF24000CF23D2 /* QHJSBaseViewController.m in Sources */,
				F46EA27E275878910043317B /* MBProgressHUD.m in Sources */,
				F459EAD626AA56AE00CDF6D7 /* CallTestViewController.m in Sources */,
				F47C109426AFF24000CF23D2 /* QHJSBaseModalViewController.m in Sources */,
				F46EA274275878700043317B /* ScanSuccessJumpVC.m in Sources */,
				F435ED842697E75900C6675C /* ViewController.m in Sources */,
				F4638A2F26B3DB080092A817 /* QHJSUtilApi.m in Sources */,
				F47C108B26AFF24000CF23D2 /* QHJSRuntimeApi.m in Sources */,
				F47C108F26AFF24000CF23D2 /* QHJSPageApi.m in Sources */,
				F46EA276275878700043317B /* WCQRCodeVC.m in Sources */,
				F435ED7E2697E75900C6675C /* AppDelegate.m in Sources */,
				F47C109926AFF24000CF23D2 /* QHJSDeviceInfo.m in Sources */,
				F48501E62754709B001F19E5 /* FileUtil.m in Sources */,
				F47C109F26AFF24000CF23D2 /* QHJSLocationUtil.m in Sources */,
				F47C108E26AFF24000CF23D2 /* QHJSAuthApi.m in Sources */,
				F47C109D26AFF24000CF23D2 /* UIImage+QHJSIamge.m in Sources */,
				F47C109A26AFF24000CF23D2 /* TQLocationConverter.m in Sources */,
				F46EA275275878700043317B /* WBQRCodeVC.m in Sources */,
				F46EA2792758787F0043317B /* SGWebView.m in Sources */,
				F47C108926AFF24000CF23D2 /* QHJSDeviceApi.m in Sources */,
				F47C109626AFF24000CF23D2 /* QHJSDatePickViewController.m in Sources */,
				F47C108A26AFF24000CF23D2 /* QHJSUIApi.m in Sources */,
				F47C108826AFF24000CF23D2 /* WKWebViewJavascriptBridge.m in Sources */,
				F47C108D26AFF24000CF23D2 /* QHJSNavigatorApi.m in Sources */,
				F459EADA26AA590200CDF6D7 /* AgoraMessage.m in Sources */,
				F435ED8F2697E75B00C6675C /* main.m in Sources */,
				F459EADD26AA591C00CDF6D7 /* AgoraCall.m in Sources */,
				F47C109026AFF24000CF23D2 /* QHJSBaseWebLoader.m in Sources */,
				F47C109B26AFF24000CF23D2 /* Reachability.m in Sources */,
				F46EA27F275878910043317B /* MBProgressHUD+SGQRCode.m in Sources */,
				F47C109826AFF24000CF23D2 /* QHJSNaviTitleView.m in Sources */,
			);
			runOnlyForDeploymentPostprocessing = 0;
		};
/* End PBXSourcesBuildPhase section */

/* Begin PBXVariantGroup section */
		F435ED8A2697E75B00C6675C /* LaunchScreen.storyboard */ = {
			isa = PBXVariantGroup;
			children = (
				F435ED8B2697E75B00C6675C /* Base */,
			);
			name = LaunchScreen.storyboard;
			sourceTree = "<group>";
		};
/* End PBXVariantGroup section */

/* Begin XCBuildConfiguration section */
		F435ED902697E75B00C6675C /* Debug */ = {
			isa = XCBuildConfiguration;
			buildSettings = {
				ALWAYS_SEARCH_USER_PATHS = NO;
				CLANG_ANALYZER_NONNULL = YES;
				CLANG_ANALYZER_NUMBER_OBJECT_CONVERSION = YES_AGGRESSIVE;
				CLANG_CXX_LANGUAGE_STANDARD = "gnu++14";
				CLANG_CXX_LIBRARY = "libc++";
				CLANG_ENABLE_MODULES = YES;
				CLANG_ENABLE_OBJC_ARC = YES;
				CLANG_ENABLE_OBJC_WEAK = YES;
				CLANG_WARN_BLOCK_CAPTURE_AUTORELEASING = YES;
				CLANG_WARN_BOOL_CONVERSION = YES;
				CLANG_WARN_COMMA = YES;
				CLANG_WARN_CONSTANT_CONVERSION = YES;
				CLANG_WARN_DEPRECATED_OBJC_IMPLEMENTATIONS = YES;
				CLANG_WARN_DIRECT_OBJC_ISA_USAGE = YES_ERROR;
				CLANG_WARN_DOCUMENTATION_COMMENTS = YES;
				CLANG_WARN_EMPTY_BODY = YES;
				CLANG_WARN_ENUM_CONVERSION = YES;
				CLANG_WARN_INFINITE_RECURSION = YES;
				CLANG_WARN_INT_CONVERSION = YES;
				CLANG_WARN_NON_LITERAL_NULL_CONVERSION = YES;
				CLANG_WARN_OBJC_IMPLICIT_RETAIN_SELF = YES;
				CLANG_WARN_OBJC_LITERAL_CONVERSION = YES;
				CLANG_WARN_OBJC_ROOT_CLASS = YES_ERROR;
				CLANG_WARN_QUOTED_INCLUDE_IN_FRAMEWORK_HEADER = YES;
				CLANG_WARN_RANGE_LOOP_ANALYSIS = YES;
				CLANG_WARN_STRICT_PROTOTYPES = YES;
				CLANG_WARN_SUSPICIOUS_MOVE = YES;
				CLANG_WARN_UNGUARDED_AVAILABILITY = YES_AGGRESSIVE;
				CLANG_WARN_UNREACHABLE_CODE = YES;
				CLANG_WARN__DUPLICATE_METHOD_MATCH = YES;
				COPY_PHASE_STRIP = NO;
				DEBUG_INFORMATION_FORMAT = dwarf;
				ENABLE_STRICT_OBJC_MSGSEND = YES;
				ENABLE_TESTABILITY = YES;
				GCC_C_LANGUAGE_STANDARD = gnu11;
				GCC_DYNAMIC_NO_PIC = NO;
				GCC_NO_COMMON_BLOCKS = YES;
				GCC_OPTIMIZATION_LEVEL = 0;
				GCC_PREPROCESSOR_DEFINITIONS = (
					"DEBUG=1",
					"$(inherited)",
				);
				GCC_WARN_64_TO_32_BIT_CONVERSION = YES;
				GCC_WARN_ABOUT_RETURN_TYPE = YES_ERROR;
				GCC_WARN_UNDECLARED_SELECTOR = YES;
				GCC_WARN_UNINITIALIZED_AUTOS = YES_AGGRESSIVE;
				GCC_WARN_UNUSED_FUNCTION = YES;
				GCC_WARN_UNUSED_VARIABLE = YES;
				IPHONEOS_DEPLOYMENT_TARGET = 14.5;
				MTL_ENABLE_DEBUG_INFO = INCLUDE_SOURCE;
				MTL_FAST_MATH = YES;
				ONLY_ACTIVE_ARCH = YES;
				SDKROOT = iphoneos;
			};
			name = Debug;
		};
		F435ED912697E75B00C6675C /* Release */ = {
			isa = XCBuildConfiguration;
			buildSettings = {
				ALWAYS_SEARCH_USER_PATHS = NO;
				CLANG_ANALYZER_NONNULL = YES;
				CLANG_ANALYZER_NUMBER_OBJECT_CONVERSION = YES_AGGRESSIVE;
				CLANG_CXX_LANGUAGE_STANDARD = "gnu++14";
				CLANG_CXX_LIBRARY = "libc++";
				CLANG_ENABLE_MODULES = YES;
				CLANG_ENABLE_OBJC_ARC = YES;
				CLANG_ENABLE_OBJC_WEAK = YES;
				CLANG_WARN_BLOCK_CAPTURE_AUTORELEASING = YES;
				CLANG_WARN_BOOL_CONVERSION = YES;
				CLANG_WARN_COMMA = YES;
				CLANG_WARN_CONSTANT_CONVERSION = YES;
				CLANG_WARN_DEPRECATED_OBJC_IMPLEMENTATIONS = YES;
				CLANG_WARN_DIRECT_OBJC_ISA_USAGE = YES_ERROR;
				CLANG_WARN_DOCUMENTATION_COMMENTS = YES;
				CLANG_WARN_EMPTY_BODY = YES;
				CLANG_WARN_ENUM_CONVERSION = YES;
				CLANG_WARN_INFINITE_RECURSION = YES;
				CLANG_WARN_INT_CONVERSION = YES;
				CLANG_WARN_NON_LITERAL_NULL_CONVERSION = YES;
				CLANG_WARN_OBJC_IMPLICIT_RETAIN_SELF = YES;
				CLANG_WARN_OBJC_LITERAL_CONVERSION = YES;
				CLANG_WARN_OBJC_ROOT_CLASS = YES_ERROR;
				CLANG_WARN_QUOTED_INCLUDE_IN_FRAMEWORK_HEADER = YES;
				CLANG_WARN_RANGE_LOOP_ANALYSIS = YES;
				CLANG_WARN_STRICT_PROTOTYPES = YES;
				CLANG_WARN_SUSPICIOUS_MOVE = YES;
				CLANG_WARN_UNGUARDED_AVAILABILITY = YES_AGGRESSIVE;
				CLANG_WARN_UNREACHABLE_CODE = YES;
				CLANG_WARN__DUPLICATE_METHOD_MATCH = YES;
				COPY_PHASE_STRIP = NO;
				DEBUG_INFORMATION_FORMAT = "dwarf-with-dsym";
				ENABLE_NS_ASSERTIONS = NO;
				ENABLE_STRICT_OBJC_MSGSEND = YES;
				GCC_C_LANGUAGE_STANDARD = gnu11;
				GCC_NO_COMMON_BLOCKS = YES;
				GCC_WARN_64_TO_32_BIT_CONVERSION = YES;
				GCC_WARN_ABOUT_RETURN_TYPE = YES_ERROR;
				GCC_WARN_UNDECLARED_SELECTOR = YES;
				GCC_WARN_UNINITIALIZED_AUTOS = YES_AGGRESSIVE;
				GCC_WARN_UNUSED_FUNCTION = YES;
				GCC_WARN_UNUSED_VARIABLE = YES;
				IPHONEOS_DEPLOYMENT_TARGET = 14.5;
				MTL_ENABLE_DEBUG_INFO = NO;
				MTL_FAST_MATH = YES;
				SDKROOT = iphoneos;
				VALIDATE_PRODUCT = YES;
			};
			name = Release;
		};
		F435ED932697E75B00C6675C /* Debug */ = {
			isa = XCBuildConfiguration;
			baseConfigurationReference = 52E16A9C0B17945F2AA1F9C2 /* Pods-VApp-ios.debug.xcconfig */;
			buildSettings = {
				ALWAYS_SEARCH_USER_PATHS = YES;
				ASSETCATALOG_COMPILER_APPICON_NAME = AppIcon;
				ASSETCATALOG_COMPILER_GLOBAL_ACCENT_COLOR_NAME = AccentColor;
				ASSETCATALOG_COMPILER_INCLUDE_ALL_APPICON_ASSETS = NO;
				CLANG_WARN_DIRECT_OBJC_ISA_USAGE = YES_ERROR;
				CODE_SIGN_ENTITLEMENTS = "VApp-ios/VApp-ios.entitlements";
				CODE_SIGN_IDENTITY = "Apple Development";
				CODE_SIGN_STYLE = Automatic;
				CURRENT_PROJECT_VERSION = 13;
				DEVELOPMENT_TEAM = WR495GB32N;
				FRAMEWORK_SEARCH_PATHS = (
					"$(inherited)",
					"\"${PODS_CONFIGURATION_BUILD_DIR}/IQKeyboardManager\"",
					"\"${PODS_CONFIGURATION_BUILD_DIR}/SGQRCode\"",
					"\"${PODS_CONFIGURATION_BUILD_DIR}/Shimmer\"",
					"\"${PODS_CONFIGURATION_BUILD_DIR}/WSProgressHUD\"",
				);
				HEADER_SEARCH_PATHS = (
					"$(inherited)",
					"\"${PODS_CONFIGURATION_BUILD_DIR}/IQKeyboardManager/IQKeyboardManager.framework/Headers\"",
					"\"${PODS_CONFIGURATION_BUILD_DIR}/SGQRCode/SGQRCode.framework/Headers\"",
					"\"${PODS_CONFIGURATION_BUILD_DIR}/Shimmer/Shimmer.framework/Headers\"",
					"\"${PODS_CONFIGURATION_BUILD_DIR}/WSProgressHUD/WSProgressHUD.framework/Headers\"",
				);
				INFOPLIST_FILE = "VApp-ios/Info.plist";
				LD_RUNPATH_SEARCH_PATHS = (
					"$(inherited)",
					"@executable_path/Frameworks",
				);
				MARKETING_VERSION = 1.1.8;
				ONLY_ACTIVE_ARCH = YES;
				PRODUCT_BUNDLE_IDENTIFIER = com.mcc.mspaco;
				PRODUCT_NAME = "$(TARGET_NAME)";
				PROVISIONING_PROFILE_SPECIFIER = "";
				TARGETED_DEVICE_FAMILY = 1;
			};
			name = Debug;
		};
		F435ED942697E75B00C6675C /* Release */ = {
			isa = XCBuildConfiguration;
			baseConfigurationReference = B7795D0A618935451A5F6623 /* Pods-VApp-ios.release.xcconfig */;
			buildSettings = {
				ALWAYS_SEARCH_USER_PATHS = YES;
				ASSETCATALOG_COMPILER_APPICON_NAME = AppIcon;
				ASSETCATALOG_COMPILER_GLOBAL_ACCENT_COLOR_NAME = AccentColor;
				ASSETCATALOG_COMPILER_INCLUDE_ALL_APPICON_ASSETS = NO;
				CLANG_WARN_DIRECT_OBJC_ISA_USAGE = YES_ERROR;
				CODE_SIGN_ENTITLEMENTS = "VApp-ios/VApp-ios.entitlements";
				CODE_SIGN_STYLE = Automatic;
				CURRENT_PROJECT_VERSION = 13;
				DEVELOPMENT_TEAM = WR495GB32N;
				FRAMEWORK_SEARCH_PATHS = (
					"$(inherited)",
					"\"${PODS_CONFIGURATION_BUILD_DIR}/IQKeyboardManager\"",
					"\"${PODS_CONFIGURATION_BUILD_DIR}/SGQRCode\"",
					"\"${PODS_CONFIGURATION_BUILD_DIR}/Shimmer\"",
					"\"${PODS_CONFIGURATION_BUILD_DIR}/WSProgressHUD\"",
				);
				INFOPLIST_FILE = "VApp-ios/Info.plist";
				LD_RUNPATH_SEARCH_PATHS = (
					"$(inherited)",
					"@executable_path/Frameworks",
				);
				MARKETING_VERSION = 1.1.8;
				ONLY_ACTIVE_ARCH = YES;
				PRODUCT_BUNDLE_IDENTIFIER = com.mcc.mspaco;
				PRODUCT_NAME = "$(TARGET_NAME)";
				TARGETED_DEVICE_FAMILY = 1;
			};
			name = Release;
		};
/* End XCBuildConfiguration section */

/* Begin XCConfigurationList section */
		F435ED742697E75900C6675C /* Build configuration list for PBXProject "VApp-ios" */ = {
			isa = XCConfigurationList;
			buildConfigurations = (
				F435ED902697E75B00C6675C /* Debug */,
				F435ED912697E75B00C6675C /* Release */,
			);
			defaultConfigurationIsVisible = 0;
			defaultConfigurationName = Release;
		};
		F435ED922697E75B00C6675C /* Build configuration list for PBXNativeTarget "VApp-ios" */ = {
			isa = XCConfigurationList;
			buildConfigurations = (
				F435ED932697E75B00C6675C /* Debug */,
				F435ED942697E75B00C6675C /* Release */,
			);
			defaultConfigurationIsVisible = 0;
			defaultConfigurationName = Release;
		};
/* End XCConfigurationList section */
	};
	rootObject = F435ED712697E75900C6675C /* Project object */;
}
